
Microsoft Visual Studio Solution File, Format Version 12.00
# Visual Studio Version 16
VisualStudioVersion = 16.0.30114.105
MinimumVisualStudioVersion = 10.0.40219.1
Project("{FAE04EC0-301F-11D3-BF4B-00C04F79EFBC}") = "Delsoft.Agendas", "Delsoft.Agendas\Delsoft.Agendas.csproj", "{BE8337EA-B3DB-4ED7-93F3-C13F904884C4}"
EndProject
Project("{FAE04EC0-301F-11D3-BF4B-00C04F79EFBC}") = "Delsoft.Agendas.Test", "Delsoft.Agendas.Test\Delsoft.Agendas.Test.csproj", "{E4A037FD-AAA2-49A3-BC0B-BF0A9E86F713}"
EndProject
Project("{FAE04EC0-301F-11D3-BF4B-00C04F79EFBC}") = "Delsoft.Agendas.Belgian", "Delsoft.Agendas.Belgian\Delsoft.Agendas.Belgian.csproj", "{02D9ED54-05E6-47ED-9FCD-CA2C7ACCFEFA}"
EndProject
Project("{2150E333-8FDC-42A3-9474-1A3956D46DE8}") = "Tests", "Tests", "{744564E5-6927-46A3-9031-26D7888FD689}"
EndProject
Project("{FAE04EC0-301F-11D3-BF4B-00C04F79EFBC}") = "Delsoft.Agendas.Belgian.Test", "Delsoft.Agendas.Belgian.Test\Delsoft.Agendas.Belgian.Test.csproj", "{7961CDD8-6C1F-4947-B40A-405E328297C1}"
EndProject
Project("{FAE04EC0-301F-11D3-BF4B-00C04F79EFBC}") = "Delsoft.Agendas.Poc.WebApi", "Delsoft.Agendas.Poc.WebApi\Delsoft.Agendas.Poc.WebApi.csproj", "{641F6A69-BB82-4022-B136-8EFBECDC5EE9}"
EndProject
Global
	GlobalSection(SolutionConfigurationPlatforms) = preSolution
		Debug|Any CPU = Debug|Any CPU
		Release|Any CPU = Release|Any CPU
	EndGlobalSection
	GlobalSection(SolutionProperties) = preSolution
		HideSolutionNode = FALSE
	EndGlobalSection
	GlobalSection(ProjectConfigurationPlatforms) = postSolution
		{BE8337EA-B3DB-4ED7-93F3-C13F904884C4}.Debug|Any CPU.ActiveCfg = Debug|Any CPU
		{BE8337EA-B3DB-4ED7-93F3-C13F904884C4}.Debug|Any CPU.Build.0 = Debug|Any CPU
		{BE8337EA-B3DB-4ED7-93F3-C13F904884C4}.Release|Any CPU.ActiveCfg = Release|Any CPU
		{BE8337EA-B3DB-4ED7-93F3-C13F904884C4}.Release|Any CPU.Build.0 = Release|Any CPU
		{E4A037FD-AAA2-49A3-BC0B-BF0A9E86F713}.Debug|Any CPU.ActiveCfg = Debug|Any CPU
		{E4A037FD-AAA2-49A3-BC0B-BF0A9E86F713}.Debug|Any CPU.Build.0 = Debug|Any CPU
		{E4A037FD-AAA2-49A3-BC0B-BF0A9E86F713}.Release|Any CPU.ActiveCfg = Release|Any CPU
		{E4A037FD-AAA2-49A3-BC0B-BF0A9E86F713}.Release|Any CPU.Build.0 = Release|Any CPU
		{02D9ED54-05E6-47ED-9FCD-CA2C7ACCFEFA}.Debug|Any CPU.ActiveCfg = Debug|Any CPU
		{02D9ED54-05E6-47ED-9FCD-CA2C7ACCFEFA}.Debug|Any CPU.Build.0 = Debug|Any CPU
		{02D9ED54-05E6-47ED-9FCD-CA2C7ACCFEFA}.Release|Any CPU.ActiveCfg = Release|Any CPU
		{02D9ED54-05E6-47ED-9FCD-CA2C7ACCFEFA}.Release|Any CPU.Build.0 = Release|Any CPU
		{7961CDD8-6C1F-4947-B40A-405E328297C1}.Debug|Any CPU.ActiveCfg = Debug|Any CPU
		{7961CDD8-6C1F-4947-B40A-405E328297C1}.Debug|Any CPU.Build.0 = Debug|Any CPU
		{7961CDD8-6C1F-4947-B40A-405E328297C1}.Release|Any CPU.ActiveCfg = Release|Any CPU
		{7961CDD8-6C1F-4947-B40A-405E328297C1}.Release|Any CPU.Build.0 = Release|Any CPU
		{641F6A69-BB82-4022-B136-8EFBECDC5EE9}.Debug|Any CPU.ActiveCfg = Debug|Any CPU
		{641F6A69-BB82-4022-B136-8EFBECDC5EE9}.Debug|Any CPU.Build.0 = Debug|Any CPU
		{641F6A69-BB82-4022-B136-8EFBECDC5EE9}.Release|Any CPU.ActiveCfg = Release|Any CPU
		{641F6A69-BB82-4022-B136-8EFBECDC5EE9}.Release|Any CPU.Build.0 = Release|Any CPU
	EndGlobalSection
	GlobalSection(NestedProjects) = preSolution
		{E4A037FD-AAA2-49A3-BC0B-BF0A9E86F713} = {744564E5-6927-46A3-9031-26D7888FD689}
		{7961CDD8-6C1F-4947-B40A-405E328297C1} = {744564E5-6927-46A3-9031-26D7888FD689}
		{641F6A69-BB82-4022-B136-8EFBECDC5EE9} = {744564E5-6927-46A3-9031-26D7888FD689}
	EndGlobalSection
EndGlobal
